
Microsoft Visual Studio Solution File, Format Version 12.00
# Visual Studio 15
VisualStudioVersion = 15.0.27703.2000
MinimumVisualStudioVersion = 10.0.40219.1
Project("{FAE04EC0-301F-11D3-BF4B-00C04F79EFBC}") = "Dlabs.Autonumber.Console", "..\dlabs.Autonumber.Console\Dlabs.Autonumber.Console.csproj", "{ED5AD25F-A9C7-433C-8FE2-5210F93A20D5}"
EndProject
Project("{FAE04EC0-301F-11D3-BF4B-00C04F79EFBC}") = "Dlabs.Autonumber", "..\dlabs.Autonumber.Autonumber\Dlabs.Autonumber.csproj", "{56E63E6D-35E9-48B5-A549-1321610F197A}"
EndProject
Project("{E24C65DC-7377-472B-9ABA-BC803B73C61A}") = "Dlabs.Resources.Web", "Dlabs.Resources.Web\", "{9A7E6B2C-DE44-48D8-B652-3DF3EA0FBC7D}"
	ProjectSection(WebsiteProperties) = preProject
		TargetFrameworkMoniker = ".NETFramework,Version%3Dv4.6.1"
		Debug.AspNetCompiler.VirtualPath = "/localhost_33089"
		Debug.AspNetCompiler.PhysicalPath = "Dlabs.Resources.Web\"
		Debug.AspNetCompiler.TargetPath = "PrecompiledWeb\localhost_33089\"
		Debug.AspNetCompiler.Updateable = "true"
		Debug.AspNetCompiler.ForceOverwrite = "true"
		Debug.AspNetCompiler.FixedNames = "false"
		Debug.AspNetCompiler.Debug = "True"
		Release.AspNetCompiler.VirtualPath = "/localhost_33089"
		Release.AspNetCompiler.PhysicalPath = "Dlabs.Resources.Web\"
		Release.AspNetCompiler.TargetPath = "PrecompiledWeb\localhost_33089\"
		Release.AspNetCompiler.Updateable = "true"
		Release.AspNetCompiler.ForceOverwrite = "true"
		Release.AspNetCompiler.FixedNames = "false"
		Release.AspNetCompiler.Debug = "False"
		VWDPort = "33089"
		SlnRelativePath = "Dlabs.Resources.Web\"
		DefaultWebSiteLanguage = "Visual C#"
	EndProjectSection
EndProject
Project("{FAE04EC0-301F-11D3-BF4B-00C04F79EFBC}") = "DexLabs_Trace", "..\..\DEX-LOG\Dex.Trace\DexLabs_Trace.csproj", "{6B951731-CFAA-4894-91B5-FFEA4B7B8591}"
EndProject
Global
	GlobalSection(SolutionConfigurationPlatforms) = preSolution
		Debug|Any CPU = Debug|Any CPU
		Release|Any CPU = Release|Any CPU
	EndGlobalSection
	GlobalSection(ProjectConfigurationPlatforms) = postSolution
		{ED5AD25F-A9C7-433C-8FE2-5210F93A20D5}.Debug|Any CPU.ActiveCfg = Debug|Any CPU
		{ED5AD25F-A9C7-433C-8FE2-5210F93A20D5}.Debug|Any CPU.Build.0 = Debug|Any CPU
		{ED5AD25F-A9C7-433C-8FE2-5210F93A20D5}.Release|Any CPU.ActiveCfg = Release|Any CPU
		{ED5AD25F-A9C7-433C-8FE2-5210F93A20D5}.Release|Any CPU.Build.0 = Release|Any CPU
		{56E63E6D-35E9-48B5-A549-1321610F197A}.Debug|Any CPU.ActiveCfg = Debug|Any CPU
		{56E63E6D-35E9-48B5-A549-1321610F197A}.Debug|Any CPU.Build.0 = Debug|Any CPU
		{56E63E6D-35E9-48B5-A549-1321610F197A}.Release|Any CPU.ActiveCfg = Release|Any CPU
		{56E63E6D-35E9-48B5-A549-1321610F197A}.Release|Any CPU.Build.0 = Release|Any CPU
		{9A7E6B2C-DE44-48D8-B652-3DF3EA0FBC7D}.Debug|Any CPU.ActiveCfg = Debug|Any CPU
		{9A7E6B2C-DE44-48D8-B652-3DF3EA0FBC7D}.Debug|Any CPU.Build.0 = Debug|Any CPU
		{9A7E6B2C-DE44-48D8-B652-3DF3EA0FBC7D}.Release|Any CPU.ActiveCfg = Debug|Any CPU
		{9A7E6B2C-DE44-48D8-B652-3DF3EA0FBC7D}.Release|Any CPU.Build.0 = Debug|Any CPU
		{6B951731-CFAA-4894-91B5-FFEA4B7B8591}.Debug|Any CPU.ActiveCfg = Debug|Any CPU
		{6B951731-CFAA-4894-91B5-FFEA4B7B8591}.Debug|Any CPU.Build.0 = Debug|Any CPU
		{6B951731-CFAA-4894-91B5-FFEA4B7B8591}.Release|Any CPU.ActiveCfg = Release|Any CPU
		{6B951731-CFAA-4894-91B5-FFEA4B7B8591}.Release|Any CPU.Build.0 = Release|Any CPU
	EndGlobalSection
	GlobalSection(SolutionProperties) = preSolution
		HideSolutionNode = FALSE
	EndGlobalSection
	GlobalSection(ExtensibilityGlobals) = postSolution
		SolutionGuid = {4AC42B32-0FA5-4AED-A881-F499BF24887F}
	EndGlobalSection
EndGlobal
